
Microsoft Visual Studio Solution File, Format Version 12.00
# Visual Studio Version 17
VisualStudioVersion = 17.13.35818.85 d17.13
MinimumVisualStudioVersion = 10.0.40219.1
Project("{FAE04EC0-301F-11D3-BF4B-00C04F79EFBC}") = "KAIRA", "KAIRA\KAIRA.csproj", "{7AF2FC23-CD6F-4E23-809E-1C95C0C1E76B}"
EndProject
Global
	GlobalSection(SolutionConfigurationPlatforms) = preSolution
		Debug|Any CPU = Debug|Any CPU
		Release|Any CPU = Release|Any CPU
	EndGlobalSection
	GlobalSection(ProjectConfigurationPlatforms) = postSolution
		{7AF2FC23-CD6F-4E23-809E-1C95C0C1E76B}.Debug|Any CPU.ActiveCfg = Debug|Any CPU
		{7AF2FC23-CD6F-4E23-809E-1C95C0C1E76B}.Debug|Any CPU.Build.0 = Debug|Any CPU
		{7AF2FC23-CD6F-4E23-809E-1C95C0C1E76B}.Release|Any CPU.ActiveCfg = Release|Any CPU
		{7AF2FC23-CD6F-4E23-809E-1C95C0C1E76B}.Release|Any CPU.Build.0 = Release|Any CPU
	EndGlobalSection
	GlobalSection(SolutionProperties) = preSolution
		HideSolutionNode = FALSE
	EndGlobalSection
	GlobalSection(ExtensibilityGlobals) = postSolution
		SolutionGuid = {49B23C4F-3A44-400E-9128-A315B6FFE446}
	EndGlobalSection
EndGlobal
